// !$*UTF8*$!
{
	archiveVersion = 1;
	classes = {
	};
	objectVersion = 50;
	objects = {

/* Begin PBXBuildFile section */
		C516CD5E24982CF800523FB3 /* AppDelegate.swift in Sources */ = {isa = PBXBuildFile; fileRef = C516CD5D24982CF800523FB3 /* AppDelegate.swift */; };
		C516CD6024982CF800523FB3 /* SceneDelegate.swift in Sources */ = {isa = PBXBuildFile; fileRef = C516CD5F24982CF800523FB3 /* SceneDelegate.swift */; };
		C516CD6224982CF800523FB3 /* MainViewController.swift in Sources */ = {isa = PBXBuildFile; fileRef = C516CD6124982CF800523FB3 /* MainViewController.swift */; };
		C516CD6524982CF800523FB3 /* Main.storyboard in Resources */ = {isa = PBXBuildFile; fileRef = C516CD6324982CF800523FB3 /* Main.storyboard */; };
		C516CD6724982CFB00523FB3 /* Assets.xcassets in Resources */ = {isa = PBXBuildFile; fileRef = C516CD6624982CFB00523FB3 /* Assets.xcassets */; };
		C516CD6A24982CFB00523FB3 /* LaunchScreen.storyboard in Resources */ = {isa = PBXBuildFile; fileRef = C516CD6824982CFB00523FB3 /* LaunchScreen.storyboard */; };
		C516CD7C24982D9400523FB3 /* CatAPI.swift in Sources */ = {isa = PBXBuildFile; fileRef = C516CD7B24982D9400523FB3 /* CatAPI.swift */; };
		C516CD7E24983FB600523FB3 /* Cat.swift in Sources */ = {isa = PBXBuildFile; fileRef = C516CD7D24983FB600523FB3 /* Cat.swift */; };
		C516CD8224986F0B00523FB3 /* PhotoCollectionViewCell.swift in Sources */ = {isa = PBXBuildFile; fileRef = C516CD8124986F0B00523FB3 /* PhotoCollectionViewCell.swift */; };
		C516CD852498780C00523FB3 /* UIImageView+Extensions.swift in Sources */ = {isa = PBXBuildFile; fileRef = C516CD842498780C00523FB3 /* UIImageView+Extensions.swift */; };
		C516CD88249887E900523FB3 /* MainViewModel.swift in Sources */ = {isa = PBXBuildFile; fileRef = C516CD87249887E900523FB3 /* MainViewModel.swift */; };
		C516CD8D249890BB00523FB3 /* API.swift in Sources */ = {isa = PBXBuildFile; fileRef = C516CD8C249890BB00523FB3 /* API.swift */; };
/* End PBXBuildFile section */

/* Begin PBXFileReference section */
		C516CD5A24982CF800523FB3 /* Cats.app */ = {isa = PBXFileReference; explicitFileType = wrapper.application; includeInIndex = 0; path = Cats.app; sourceTree = BUILT_PRODUCTS_DIR; };
		C516CD5D24982CF800523FB3 /* AppDelegate.swift */ = {isa = PBXFileReference; lastKnownFileType = sourcecode.swift; path = AppDelegate.swift; sourceTree = "<group>"; };
		C516CD5F24982CF800523FB3 /* SceneDelegate.swift */ = {isa = PBXFileReference; lastKnownFileType = sourcecode.swift; path = SceneDelegate.swift; sourceTree = "<group>"; };
		C516CD6124982CF800523FB3 /* MainViewController.swift */ = {isa = PBXFileReference; lastKnownFileType = sourcecode.swift; path = MainViewController.swift; sourceTree = "<group>"; };
		C516CD6424982CF800523FB3 /* Base */ = {isa = PBXFileReference; lastKnownFileType = file.storyboard; name = Base; path = Base.lproj/Main.storyboard; sourceTree = "<group>"; };
		C516CD6624982CFB00523FB3 /* Assets.xcassets */ = {isa = PBXFileReference; lastKnownFileType = folder.assetcatalog; path = Assets.xcassets; sourceTree = "<group>"; };
		C516CD6924982CFB00523FB3 /* Base */ = {isa = PBXFileReference; lastKnownFileType = file.storyboard; name = Base; path = Base.lproj/LaunchScreen.storyboard; sourceTree = "<group>"; };
		C516CD6B24982CFB00523FB3 /* Info.plist */ = {isa = PBXFileReference; lastKnownFileType = text.plist.xml; path = Info.plist; sourceTree = "<group>"; };
		C516CD7B24982D9400523FB3 /* CatAPI.swift */ = {isa = PBXFileReference; lastKnownFileType = sourcecode.swift; path = CatAPI.swift; sourceTree = "<group>"; };
		C516CD7D24983FB600523FB3 /* Cat.swift */ = {isa = PBXFileReference; lastKnownFileType = sourcecode.swift; path = Cat.swift; sourceTree = "<group>"; };
		C516CD8124986F0B00523FB3 /* PhotoCollectionViewCell.swift */ = {isa = PBXFileReference; lastKnownFileType = sourcecode.swift; path = PhotoCollectionViewCell.swift; sourceTree = "<group>"; };
		C516CD842498780C00523FB3 /* UIImageView+Extensions.swift */ = {isa = PBXFileReference; lastKnownFileType = sourcecode.swift; path = "UIImageView+Extensions.swift"; sourceTree = "<group>"; };
		C516CD87249887E900523FB3 /* MainViewModel.swift */ = {isa = PBXFileReference; lastKnownFileType = sourcecode.swift; path = MainViewModel.swift; sourceTree = "<group>"; };
		C516CD8C249890BB00523FB3 /* API.swift */ = {isa = PBXFileReference; lastKnownFileType = sourcecode.swift; path = API.swift; sourceTree = "<group>"; };
/* End PBXFileReference section */

/* Begin PBXFrameworksBuildPhase section */
		C516CD5724982CF800523FB3 /* Frameworks */ = {
			isa = PBXFrameworksBuildPhase;
			buildActionMask = 2147483647;
			files = (
			);
			runOnlyForDeploymentPostprocessing = 0;
		};
/* End PBXFrameworksBuildPhase section */

/* Begin PBXGroup section */
		C516CD5124982CF800523FB3 = {
			isa = PBXGroup;
			children = (
				C516CD5C24982CF800523FB3 /* Cats */,
				C516CD5B24982CF800523FB3 /* Products */,
			);
			sourceTree = "<group>";
		};
		C516CD5B24982CF800523FB3 /* Products */ = {
			isa = PBXGroup;
			children = (
				C516CD5A24982CF800523FB3 /* Cats.app */,
			);
			name = Products;
			sourceTree = "<group>";
		};
		C516CD5C24982CF800523FB3 /* Cats */ = {
			isa = PBXGroup;
			children = (
				C516CD7624982D2D00523FB3 /* Shared */,
				C516CD7124982D0F00523FB3 /* App */,
				C516CD7A24982D6100523FB3 /* System */,
			);
			path = Cats;
			sourceTree = "<group>";
		};
		C516CD7124982D0F00523FB3 /* App */ = {
			isa = PBXGroup;
			children = (
				C516CD7224982D1700523FB3 /* Main */,
			);
			path = App;
			sourceTree = "<group>";
		};
		C516CD7224982D1700523FB3 /* Main */ = {
			isa = PBXGroup;
			children = (
				C516CD7524982D2300523FB3 /* ViewModel */,
				C516CD7424982D1F00523FB3 /* View */,
				C516CD7324982D1B00523FB3 /* Controller */,
			);
			path = Main;
			sourceTree = "<group>";
		};
		C516CD7324982D1B00523FB3 /* Controller */ = {
			isa = PBXGroup;
			children = (
				C516CD6124982CF800523FB3 /* MainViewController.swift */,
			);
			path = Controller;
			sourceTree = "<group>";
		};
		C516CD7424982D1F00523FB3 /* View */ = {
			isa = PBXGroup;
			children = (
				C516CD6324982CF800523FB3 /* Main.storyboard */,
				C516CD8124986F0B00523FB3 /* PhotoCollectionViewCell.swift */,
			);
			path = View;
			sourceTree = "<group>";
		};
		C516CD7524982D2300523FB3 /* ViewModel */ = {
			isa = PBXGroup;
			children = (
				C516CD87249887E900523FB3 /* MainViewModel.swift */,
			);
			path = ViewModel;
			sourceTree = "<group>";
		};
		C516CD7624982D2D00523FB3 /* Shared */ = {
			isa = PBXGroup;
			children = (
				C516CD8B249890B300523FB3 /* Enums */,
				C516CD83249877CE00523FB3 /* Extensions */,
				C516CD7824982D4A00523FB3 /* Model */,
				C516CD7724982D3200523FB3 /* View */,
			);
			path = Shared;
			sourceTree = "<group>";
		};
		C516CD7724982D3200523FB3 /* View */ = {
			isa = PBXGroup;
			children = (
			);
			path = View;
			sourceTree = "<group>";
		};
		C516CD7824982D4A00523FB3 /* Model */ = {
			isa = PBXGroup;
			children = (
				C516CD7B24982D9400523FB3 /* CatAPI.swift */,
				C516CD7D24983FB600523FB3 /* Cat.swift */,
			);
			path = Model;
			sourceTree = "<group>";
		};
		C516CD7A24982D6100523FB3 /* System */ = {
			isa = PBXGroup;
			children = (
				C516CD5D24982CF800523FB3 /* AppDelegate.swift */,
				C516CD5F24982CF800523FB3 /* SceneDelegate.swift */,
				C516CD6624982CFB00523FB3 /* Assets.xcassets */,
				C516CD6824982CFB00523FB3 /* LaunchScreen.storyboard */,
				C516CD6B24982CFB00523FB3 /* Info.plist */,
			);
			name = System;
			sourceTree = "<group>";
		};
		C516CD83249877CE00523FB3 /* Extensions */ = {
			isa = PBXGroup;
			children = (
				C516CD842498780C00523FB3 /* UIImageView+Extensions.swift */,
			);
			path = Extensions;
			sourceTree = "<group>";
		};
		C516CD8B249890B300523FB3 /* Enums */ = {
			isa = PBXGroup;
			children = (
				C516CD8C249890BB00523FB3 /* API.swift */,
			);
			path = Enums;
			sourceTree = "<group>";
		};
/* End PBXGroup section */

/* Begin PBXNativeTarget section */
		C516CD5924982CF800523FB3 /* Cats */ = {
			isa = PBXNativeTarget;
			buildConfigurationList = C516CD6E24982CFB00523FB3 /* Build configuration list for PBXNativeTarget "Cats" */;
			buildPhases = (
				C516CD5624982CF800523FB3 /* Sources */,
				C516CD5724982CF800523FB3 /* Frameworks */,
				C516CD5824982CF800523FB3 /* Resources */,
			);
			buildRules = (
			);
			dependencies = (
			);
			name = Cats;
			productName = Cats;
			productReference = C516CD5A24982CF800523FB3 /* Cats.app */;
			productType = "com.apple.product-type.application";
		};
/* End PBXNativeTarget section */

/* Begin PBXProject section */
		C516CD5224982CF800523FB3 /* Project object */ = {
			isa = PBXProject;
			attributes = {
				LastSwiftUpdateCheck = 1140;
				LastUpgradeCheck = 1140;
				ORGANIZATIONNAME = renatafaria;
				TargetAttributes = {
					C516CD5924982CF800523FB3 = {
						CreatedOnToolsVersion = 11.4.1;
					};
				};
			};
			buildConfigurationList = C516CD5524982CF800523FB3 /* Build configuration list for PBXProject "Cats" */;
			compatibilityVersion = "Xcode 9.3";
			developmentRegion = en;
			hasScannedForEncodings = 0;
			knownRegions = (
				en,
				Base,
			);
			mainGroup = C516CD5124982CF800523FB3;
			productRefGroup = C516CD5B24982CF800523FB3 /* Products */;
			projectDirPath = "";
			projectRoot = "";
			targets = (
				C516CD5924982CF800523FB3 /* Cats */,
			);
		};
/* End PBXProject section */

/* Begin PBXResourcesBuildPhase section */
		C516CD5824982CF800523FB3 /* Resources */ = {
			isa = PBXResourcesBuildPhase;
			buildActionMask = 2147483647;
			files = (
				C516CD6A24982CFB00523FB3 /* LaunchScreen.storyboard in Resources */,
				C516CD6724982CFB00523FB3 /* Assets.xcassets in Resources */,
				C516CD6524982CF800523FB3 /* Main.storyboard in Resources */,
			);
			runOnlyForDeploymentPostprocessing = 0;
		};
/* End PBXResourcesBuildPhase section */

/* Begin PBXSourcesBuildPhase section */
		C516CD5624982CF800523FB3 /* Sources */ = {
			isa = PBXSourcesBuildPhase;
			buildActionMask = 2147483647;
			files = (
				C516CD6224982CF800523FB3 /* MainViewController.swift in Sources */,
				C516CD852498780C00523FB3 /* UIImageView+Extensions.swift in Sources */,
				C516CD7C24982D9400523FB3 /* CatAPI.swift in Sources */,
				C516CD7E24983FB600523FB3 /* Cat.swift in Sources */,
				C516CD5E24982CF800523FB3 /* AppDelegate.swift in Sources */,
				C516CD6024982CF800523FB3 /* SceneDelegate.swift in Sources */,
				C516CD8224986F0B00523FB3 /* PhotoCollectionViewCell.swift in Sources */,
				C516CD8D249890BB00523FB3 /* API.swift in Sources */,
				C516CD88249887E900523FB3 /* MainViewModel.swift in Sources */,
			);
			runOnlyForDeploymentPostprocessing = 0;
		};
/* End PBXSourcesBuildPhase section */

/* Begin PBXVariantGroup section */
		C516CD6324982CF800523FB3 /* Main.storyboard */ = {
			isa = PBXVariantGroup;
			children = (
				C516CD6424982CF800523FB3 /* Base */,
			);
			name = Main.storyboard;
			sourceTree = "<group>";
		};
		C516CD6824982CFB00523FB3 /* LaunchScreen.storyboard */ = {
			isa = PBXVariantGroup;
			children = (
				C516CD6924982CFB00523FB3 /* Base */,
			);
			name = LaunchScreen.storyboard;
			sourceTree = "<group>";
		};
/* End PBXVariantGroup section */

/* Begin XCBuildConfiguration section */
		C516CD6C24982CFB00523FB3 /* Debug */ = {
			isa = XCBuildConfiguration;
			buildSettings = {
				ALWAYS_SEARCH_USER_PATHS = NO;
				CLANG_ANALYZER_NONNULL = YES;
				CLANG_ANALYZER_NUMBER_OBJECT_CONVERSION = YES_AGGRESSIVE;
				CLANG_CXX_LANGUAGE_STANDARD = "gnu++14";
				CLANG_CXX_LIBRARY = "libc++";
				CLANG_ENABLE_MODULES = YES;
				CLANG_ENABLE_OBJC_ARC = YES;
				CLANG_ENABLE_OBJC_WEAK = YES;
				CLANG_WARN_BLOCK_CAPTURE_AUTORELEASING = YES;
				CLANG_WARN_BOOL_CONVERSION = YES;
				CLANG_WARN_COMMA = YES;
				CLANG_WARN_CONSTANT_CONVERSION = YES;
				CLANG_WARN_DEPRECATED_OBJC_IMPLEMENTATIONS = YES;
				CLANG_WARN_DIRECT_OBJC_ISA_USAGE = YES_ERROR;
				CLANG_WARN_DOCUMENTATION_COMMENTS = YES;
				CLANG_WARN_EMPTY_BODY = YES;
				CLANG_WARN_ENUM_CONVERSION = YES;
				CLANG_WARN_INFINITE_RECURSION = YES;
				CLANG_WARN_INT_CONVERSION = YES;
				CLANG_WARN_NON_LITERAL_NULL_CONVERSION = YES;
				CLANG_WARN_OBJC_IMPLICIT_RETAIN_SELF = YES;
				CLANG_WARN_OBJC_LITERAL_CONVERSION = YES;
				CLANG_WARN_OBJC_ROOT_CLASS = YES_ERROR;
				CLANG_WARN_RANGE_LOOP_ANALYSIS = YES;
				CLANG_WARN_STRICT_PROTOTYPES = YES;
				CLANG_WARN_SUSPICIOUS_MOVE = YES;
				CLANG_WARN_UNGUARDED_AVAILABILITY = YES_AGGRESSIVE;
				CLANG_WARN_UNREACHABLE_CODE = YES;
				CLANG_WARN__DUPLICATE_METHOD_MATCH = YES;
				COPY_PHASE_STRIP = NO;
				DEBUG_INFORMATION_FORMAT = dwarf;
				ENABLE_STRICT_OBJC_MSGSEND = YES;
				ENABLE_TESTABILITY = YES;
				GCC_C_LANGUAGE_STANDARD = gnu11;
				GCC_DYNAMIC_NO_PIC = NO;
				GCC_NO_COMMON_BLOCKS = YES;
				GCC_OPTIMIZATION_LEVEL = 0;
				GCC_PREPROCESSOR_DEFINITIONS = (
					"DEBUG=1",
					"$(inherited)",
				);
				GCC_WARN_64_TO_32_BIT_CONVERSION = YES;
				GCC_WARN_ABOUT_RETURN_TYPE = YES_ERROR;
				GCC_WARN_UNDECLARED_SELECTOR = YES;
				GCC_WARN_UNINITIALIZED_AUTOS = YES_AGGRESSIVE;
				GCC_WARN_UNUSED_FUNCTION = YES;
				GCC_WARN_UNUSED_VARIABLE = YES;
				IPHONEOS_DEPLOYMENT_TARGET = 13.4;
				MTL_ENABLE_DEBUG_INFO = INCLUDE_SOURCE;
				MTL_FAST_MATH = YES;
				ONLY_ACTIVE_ARCH = YES;
				SDKROOT = iphoneos;
				SWIFT_ACTIVE_COMPILATION_CONDITIONS = DEBUG;
				SWIFT_OPTIMIZATION_LEVEL = "-Onone";
			};
			name = Debug;
		};
		C516CD6D24982CFB00523FB3 /* Release */ = {
			isa = XCBuildConfiguration;
			buildSettings = {
				ALWAYS_SEARCH_USER_PATHS = NO;
				CLANG_ANALYZER_NONNULL = YES;
				CLANG_ANALYZER_NUMBER_OBJECT_CONVERSION = YES_AGGRESSIVE;
				CLANG_CXX_LANGUAGE_STANDARD = "gnu++14";
				CLANG_CXX_LIBRARY = "libc++";
				CLANG_ENABLE_MODULES = YES;
				CLANG_ENABLE_OBJC_ARC = YES;
				CLANG_ENABLE_OBJC_WEAK = YES;
				CLANG_WARN_BLOCK_CAPTURE_AUTORELEASING = YES;
				CLANG_WARN_BOOL_CONVERSION = YES;
				CLANG_WARN_COMMA = YES;
				CLANG_WARN_CONSTANT_CONVERSION = YES;
				CLANG_WARN_DEPRECATED_OBJC_IMPLEMENTATIONS = YES;
				CLANG_WARN_DIRECT_OBJC_ISA_USAGE = YES_ERROR;
				CLANG_WARN_DOCUMENTATION_COMMENTS = YES;
				CLANG_WARN_EMPTY_BODY = YES;
				CLANG_WARN_ENUM_CONVERSION = YES;
				CLANG_WARN_INFINITE_RECURSION = YES;
				CLANG_WARN_INT_CONVERSION = YES;
				CLANG_WARN_NON_LITERAL_NULL_CONVERSION = YES;
				CLANG_WARN_OBJC_IMPLICIT_RETAIN_SELF = YES;
				CLANG_WARN_OBJC_LITERAL_CONVERSION = YES;
				CLANG_WARN_OBJC_ROOT_CLASS = YES_ERROR;
				CLANG_WARN_RANGE_LOOP_ANALYSIS = YES;
				CLANG_WARN_STRICT_PROTOTYPES = YES;
				CLANG_WARN_SUSPICIOUS_MOVE = YES;
				CLANG_WARN_UNGUARDED_AVAILABILITY = YES_AGGRESSIVE;
				CLANG_WARN_UNREACHABLE_CODE = YES;
				CLANG_WARN__DUPLICATE_METHOD_MATCH = YES;
				COPY_PHASE_STRIP = NO;
				DEBUG_INFORMATION_FORMAT = "dwarf-with-dsym";
				ENABLE_NS_ASSERTIONS = NO;
				ENABLE_STRICT_OBJC_MSGSEND = YES;
				GCC_C_LANGUAGE_STANDARD = gnu11;
				GCC_NO_COMMON_BLOCKS = YES;
				GCC_WARN_64_TO_32_BIT_CONVERSION = YES;
				GCC_WARN_ABOUT_RETURN_TYPE = YES_ERROR;
				GCC_WARN_UNDECLARED_SELECTOR = YES;
				GCC_WARN_UNINITIALIZED_AUTOS = YES_AGGRESSIVE;
				GCC_WARN_UNUSED_FUNCTION = YES;
				GCC_WARN_UNUSED_VARIABLE = YES;
				IPHONEOS_DEPLOYMENT_TARGET = 13.4;
				MTL_ENABLE_DEBUG_INFO = NO;
				MTL_FAST_MATH = YES;
				SDKROOT = iphoneos;
				SWIFT_COMPILATION_MODE = wholemodule;
				SWIFT_OPTIMIZATION_LEVEL = "-O";
				VALIDATE_PRODUCT = YES;
			};
			name = Release;
		};
		C516CD6F24982CFB00523FB3 /* Debug */ = {
			isa = XCBuildConfiguration;
			buildSettings = {
				ASSETCATALOG_COMPILER_APPICON_NAME = AppIcon;
				CODE_SIGN_STYLE = Automatic;
				DEVELOPMENT_TEAM = GYT288GTM5;
				INFOPLIST_FILE = Cats/Info.plist;
				LD_RUNPATH_SEARCH_PATHS = (
					"$(inherited)",
					"@executable_path/Frameworks",
				);
				PRODUCT_BUNDLE_IDENTIFIER = com.renatafaria.Cats;
				PRODUCT_NAME = "$(TARGET_NAME)";
				SWIFT_VERSION = 5.0;
				TARGETED_DEVICE_FAMILY = "1,2";
			};
			name = Debug;
		};
		C516CD7024982CFB00523FB3 /* Release */ = {
			isa = XCBuildConfiguration;
			buildSettings = {
				ASSETCATALOG_COMPILER_APPICON_NAME = AppIcon;
				CODE_SIGN_STYLE = Automatic;
				DEVELOPMENT_TEAM = GYT288GTM5;
				INFOPLIST_FILE = Cats/Info.plist;
				LD_RUNPATH_SEARCH_PATHS = (
					"$(inherited)",
					"@executable_path/Frameworks",
				);
				PRODUCT_BUNDLE_IDENTIFIER = com.renatafaria.Cats;
				PRODUCT_NAME = "$(TARGET_NAME)";
				SWIFT_VERSION = 5.0;
				TARGETED_DEVICE_FAMILY = "1,2";
			};
			name = Release;
		};
/* End XCBuildConfiguration section */

/* Begin XCConfigurationList section */
		C516CD5524982CF800523FB3 /* Build configuration list for PBXProject "Cats" */ = {
			isa = XCConfigurationList;
			buildConfigurations = (
				C516CD6C24982CFB00523FB3 /* Debug */,
				C516CD6D24982CFB00523FB3 /* Release */,
			);
			defaultConfigurationIsVisible = 0;
			defaultConfigurationName = Release;
		};
		C516CD6E24982CFB00523FB3 /* Build configuration list for PBXNativeTarget "Cats" */ = {
			isa = XCConfigurationList;
			buildConfigurations = (
				C516CD6F24982CFB00523FB3 /* Debug */,
				C516CD7024982CFB00523FB3 /* Release */,
			);
			defaultConfigurationIsVisible = 0;
			defaultConfigurationName = Release;
		};
/* End XCConfigurationList section */
	};
	rootObject = C516CD5224982CF800523FB3 /* Project object */;
}
